
Microsoft Visual Studio Solution File, Format Version 12.00
# Visual Studio Version 17
VisualStudioVersion = 17.11.35222.181
MinimumVisualStudioVersion = 10.0.40219.1
Project("{2150E333-8FDC-42A3-9474-1A3956D46DE8}") = "Task0", "Task0", "{75D3A9CB-D06F-46FC-922E-88220A87C2F5}"
EndProject
Project("{FAE04EC0-301F-11D3-BF4B-00C04F79EFBC}") = "Tyuiu.SafonovRV.Sprint0.Task0.V0", "Tyuiu.SafonovRV.Sprint0.Task0.V0\Tyuiu.SafonovRV.Sprint0.Task0.V0.csproj", "{D9DDF3BF-FC5F-4E38-8A6F-1DB722E6DA16}"
EndProject
Project("{2150E333-8FDC-42A3-9474-1A3956D46DE8}") = "Task1", "Task1", "{F43EFE33-F0FB-4FB7-8688-AA17201D666E}"
EndProject
Project("{FAE04EC0-301F-11D3-BF4B-00C04F79EFBC}") = "Tyuiu.SafonovRV.Sprint0.Task1.V0", "Tyuiu.SafonovRV.Sprint0.Task1.V0\Tyuiu.SafonovRV.Sprint0.Task1.V0.csproj", "{BAA34680-3B9E-4545-9515-BD443186EB85}"
EndProject
Project("{2150E333-8FDC-42A3-9474-1A3956D46DE8}") = "Task2", "Task2", "{DD621352-95F5-43F2-92B2-5BCEE1E3AD63}"
EndProject
Project("{FAE04EC0-301F-11D3-BF4B-00C04F79EFBC}") = "Tyuiu.SafonovRV.Sprint.Task2.V0", "Tyuiu.SafonovRV.Sprint.Task2.V0\Tyuiu.SafonovRV.Sprint.Task2.V0.csproj", "{7A1D9808-5B2B-458E-9CB7-3C1A54E82F67}"
EndProject
Project("{FAE04EC0-301F-11D3-BF4B-00C04F79EFBC}") = "Tyuiu.SafonovRV.Sprint0.Task2.V0.Lib", "Tyuiu.SafonovRV.Sprint0.Task2.V0.Lib\Tyuiu.SafonovRV.Sprint0.Task2.V0.Lib.csproj", "{9C78DF50-76A8-483E-9815-CAD8F888AA23}"
EndProject
Project("{FAE04EC0-301F-11D3-BF4B-00C04F79EFBC}") = "Tyuiu.SafonovRV.Sprint0.Task2.V0.Test", "Tyuiu.SafonovRV.Sprint0.Task2.V0.Test\Tyuiu.SafonovRV.Sprint0.Task2.V0.Test.csproj", "{7BA69E89-884F-4CF2-8A8A-09FEE5E25E0E}"
EndProject
Project("{2150E333-8FDC-42A3-9474-1A3956D46DE8}") = "Task3", "Task3", "{9772FAEC-4705-4FFC-B0AB-DE9291CA7956}"
EndProject
Project("{FAE04EC0-301F-11D3-BF4B-00C04F79EFBC}") = "Tyuiu.SafonovRV.Sprint0.Task3.V0", "Tyuiu.SafonovRV.Sprint0.Task3.V0\Tyuiu.SafonovRV.Sprint0.Task3.V0.csproj", "{B736F98F-F8D8-47B1-B176-CB0F2691B177}"
EndProject
Project("{FAE04EC0-301F-11D3-BF4B-00C04F79EFBC}") = "Tyuiu.SafonovRV.Sprint0.Task3.V0.Lib", "Tyuiu.SafonovRV.Sprint0.Task3.V0.Lib\Tyuiu.SafonovRV.Sprint0.Task3.V0.Lib.csproj", "{7155C922-8436-435F-8C89-4320F82AC349}"
EndProject
Project("{FAE04EC0-301F-11D3-BF4B-00C04F79EFBC}") = "Tyuiu.SafonovRV.Sprint0.Task3.V0.Test", "Tyuiu.SafonovRV.Sprint0.Task3.V0.Test\Tyuiu.SafonovRV.Sprint0.Task3.V0.Test.csproj", "{42841FA4-00A7-411B-AA2C-8C11805423A0}"
EndProject
Global
	GlobalSection(SolutionConfigurationPlatforms) = preSolution
		Debug|Any CPU = Debug|Any CPU
		Release|Any CPU = Release|Any CPU
	EndGlobalSection
	GlobalSection(ProjectConfigurationPlatforms) = postSolution
		{D9DDF3BF-FC5F-4E38-8A6F-1DB722E6DA16}.Debug|Any CPU.ActiveCfg = Debug|Any CPU
		{D9DDF3BF-FC5F-4E38-8A6F-1DB722E6DA16}.Debug|Any CPU.Build.0 = Debug|Any CPU
		{D9DDF3BF-FC5F-4E38-8A6F-1DB722E6DA16}.Release|Any CPU.ActiveCfg = Release|Any CPU
		{D9DDF3BF-FC5F-4E38-8A6F-1DB722E6DA16}.Release|Any CPU.Build.0 = Release|Any CPU
		{BAA34680-3B9E-4545-9515-BD443186EB85}.Debug|Any CPU.ActiveCfg = Debug|Any CPU
		{BAA34680-3B9E-4545-9515-BD443186EB85}.Debug|Any CPU.Build.0 = Debug|Any CPU
		{BAA34680-3B9E-4545-9515-BD443186EB85}.Release|Any CPU.ActiveCfg = Release|Any CPU
		{BAA34680-3B9E-4545-9515-BD443186EB85}.Release|Any CPU.Build.0 = Release|Any CPU
		{7A1D9808-5B2B-458E-9CB7-3C1A54E82F67}.Debug|Any CPU.ActiveCfg = Debug|Any CPU
		{7A1D9808-5B2B-458E-9CB7-3C1A54E82F67}.Debug|Any CPU.Build.0 = Debug|Any CPU
		{7A1D9808-5B2B-458E-9CB7-3C1A54E82F67}.Release|Any CPU.ActiveCfg = Release|Any CPU
		{7A1D9808-5B2B-458E-9CB7-3C1A54E82F67}.Release|Any CPU.Build.0 = Release|Any CPU
		{9C78DF50-76A8-483E-9815-CAD8F888AA23}.Debug|Any CPU.ActiveCfg = Debug|Any CPU
		{9C78DF50-76A8-483E-9815-CAD8F888AA23}.Debug|Any CPU.Build.0 = Debug|Any CPU
		{9C78DF50-76A8-483E-9815-CAD8F888AA23}.Release|Any CPU.ActiveCfg = Release|Any CPU
		{9C78DF50-76A8-483E-9815-CAD8F888AA23}.Release|Any CPU.Build.0 = Release|Any CPU
		{7BA69E89-884F-4CF2-8A8A-09FEE5E25E0E}.Debug|Any CPU.ActiveCfg = Debug|Any CPU
		{7BA69E89-884F-4CF2-8A8A-09FEE5E25E0E}.Debug|Any CPU.Build.0 = Debug|Any CPU
		{7BA69E89-884F-4CF2-8A8A-09FEE5E25E0E}.Release|Any CPU.ActiveCfg = Release|Any CPU
		{7BA69E89-884F-4CF2-8A8A-09FEE5E25E0E}.Release|Any CPU.Build.0 = Release|Any CPU
		{B736F98F-F8D8-47B1-B176-CB0F2691B177}.Debug|Any CPU.ActiveCfg = Debug|Any CPU
		{B736F98F-F8D8-47B1-B176-CB0F2691B177}.Debug|Any CPU.Build.0 = Debug|Any CPU
		{B736F98F-F8D8-47B1-B176-CB0F2691B177}.Release|Any CPU.ActiveCfg = Release|Any CPU
		{B736F98F-F8D8-47B1-B176-CB0F2691B177}.Release|Any CPU.Build.0 = Release|Any CPU
		{7155C922-8436-435F-8C89-4320F82AC349}.Debug|Any CPU.ActiveCfg = Debug|Any CPU
		{7155C922-8436-435F-8C89-4320F82AC349}.Debug|Any CPU.Build.0 = Debug|Any CPU
		{7155C922-8436-435F-8C89-4320F82AC349}.Release|Any CPU.ActiveCfg = Release|Any CPU
		{7155C922-8436-435F-8C89-4320F82AC349}.Release|Any CPU.Build.0 = Release|Any CPU
		{42841FA4-00A7-411B-AA2C-8C11805423A0}.Debug|Any CPU.ActiveCfg = Debug|Any CPU
		{42841FA4-00A7-411B-AA2C-8C11805423A0}.Debug|Any CPU.Build.0 = Debug|Any CPU
		{42841FA4-00A7-411B-AA2C-8C11805423A0}.Release|Any CPU.ActiveCfg = Release|Any CPU
		{42841FA4-00A7-411B-AA2C-8C11805423A0}.Release|Any CPU.Build.0 = Release|Any CPU
	EndGlobalSection
	GlobalSection(SolutionProperties) = preSolution
		HideSolutionNode = FALSE
	EndGlobalSection
	GlobalSection(NestedProjects) = preSolution
		{D9DDF3BF-FC5F-4E38-8A6F-1DB722E6DA16} = {75D3A9CB-D06F-46FC-922E-88220A87C2F5}
		{BAA34680-3B9E-4545-9515-BD443186EB85} = {F43EFE33-F0FB-4FB7-8688-AA17201D666E}
		{7A1D9808-5B2B-458E-9CB7-3C1A54E82F67} = {DD621352-95F5-43F2-92B2-5BCEE1E3AD63}
		{9C78DF50-76A8-483E-9815-CAD8F888AA23} = {DD621352-95F5-43F2-92B2-5BCEE1E3AD63}
		{7BA69E89-884F-4CF2-8A8A-09FEE5E25E0E} = {DD621352-95F5-43F2-92B2-5BCEE1E3AD63}
		{B736F98F-F8D8-47B1-B176-CB0F2691B177} = {9772FAEC-4705-4FFC-B0AB-DE9291CA7956}
		{7155C922-8436-435F-8C89-4320F82AC349} = {9772FAEC-4705-4FFC-B0AB-DE9291CA7956}
		{42841FA4-00A7-411B-AA2C-8C11805423A0} = {9772FAEC-4705-4FFC-B0AB-DE9291CA7956}
	EndGlobalSection
	GlobalSection(ExtensibilityGlobals) = postSolution
		SolutionGuid = {8997B938-5C48-447B-9F8D-CF0F9F6560B0}
	EndGlobalSection
EndGlobal
