
Microsoft Visual Studio Solution File, Format Version 12.00
# Visual Studio Version 17
VisualStudioVersion = 17.11.35222.181
MinimumVisualStudioVersion = 10.0.40219.1
Project("{2150E333-8FDC-42A3-9474-1A3956D46DE8}") = "Task0", "Task0", "{75D3A9CB-D06F-46FC-922E-88220A87C2F5}"
EndProject
Project("{FAE04EC0-301F-11D3-BF4B-00C04F79EFBC}") = "Tyuiu.SafonovRV.Sprint0.Task0.V0", "Tyuiu.SafonovRV.Sprint0.Task0.V0\Tyuiu.SafonovRV.Sprint0.Task0.V0.csproj", "{D9DDF3BF-FC5F-4E38-8A6F-1DB722E6DA16}"
EndProject
Project("{2150E333-8FDC-42A3-9474-1A3956D46DE8}") = "Task1", "Task1", "{F43EFE33-F0FB-4FB7-8688-AA17201D666E}"
EndProject
Project("{FAE04EC0-301F-11D3-BF4B-00C04F79EFBC}") = "Tyuiu.SafonovRV.Sprint0.Task1.V0", "Tyuiu.SafonovRV.Sprint0.Task1.V0\Tyuiu.SafonovRV.Sprint0.Task1.V0.csproj", "{BAA34680-3B9E-4545-9515-BD443186EB85}"
EndProject
Project("{2150E333-8FDC-42A3-9474-1A3956D46DE8}") = "Task2", "Task2", "{DD621352-95F5-43F2-92B2-5BCEE1E3AD63}"
EndProject
Project("{FAE04EC0-301F-11D3-BF4B-00C04F79EFBC}") = "Tyuiu.SafonovRV.Sprint.Task2.V0", "Tyuiu.SafonovRV.Sprint.Task2.V0\Tyuiu.SafonovRV.Sprint.Task2.V0.csproj", "{7A1D9808-5B2B-458E-9CB7-3C1A54E82F67}"
EndProject
Project("{FAE04EC0-301F-11D3-BF4B-00C04F79EFBC}") = "Tyuiu.SafonovRV.Sprint0.Task2.V0.Lib", "Tyuiu.SafonovRV.Sprint0.Task2.V0.Lib\Tyuiu.SafonovRV.Sprint0.Task2.V0.Lib.csproj", "{9C78DF50-76A8-483E-9815-CAD8F888AA23}"
EndProject
Project("{FAE04EC0-301F-11D3-BF4B-00C04F79EFBC}") = "Tyuiu.SafonovRV.Sprint0.Task2.V0.Test", "Tyuiu.SafonovRV.Sprint0.Task2.V0.Test\Tyuiu.SafonovRV.Sprint0.Task2.V0.Test.csproj", "{7BA69E89-884F-4CF2-8A8A-09FEE5E25E0E}"
EndProject
Project("{2150E333-8FDC-42A3-9474-1A3956D46DE8}") = "Task3", "Task3", "{9772FAEC-4705-4FFC-B0AB-DE9291CA7956}"
EndProject
Project("{9A19103F-16F7-4668-BE54-9A1E7A4F7556}") = "Tyuiu.SafonovRV.Sprint0.Task3.V0", "Tyuiu.SafonovRV.Sprint0.Task3.V0\Tyuiu.SafonovRV.Sprint0.Task3.V0.csproj", "{B736F98F-F8D8-47B1-B176-CB0F2691B177}"
EndProject
Project("{9A19103F-16F7-4668-BE54-9A1E7A4F7556}") = "Tyuiu.SafonovRV.Sprint0.Task3.V0.Lib", "Tyuiu.SafonovRV.Sprint0.Task3.V0.Lib\Tyuiu.SafonovRV.Sprint0.Task3.V0.Lib.csproj", "{7155C922-8436-435F-8C89-4320F82AC349}"
EndProject
Project("{9A19103F-16F7-4668-BE54-9A1E7A4F7556}") = "Tyuiu.SafonovRV.Sprint0.Task3.V0.Test", "Tyuiu.SafonovRV.Sprint0.Task3.V0.Test\Tyuiu.SafonovRV.Sprint0.Task3.V0.Test.csproj", "{42841FA4-00A7-411B-AA2C-8C11805423A0}"
EndProject
Project("{2150E333-8FDC-42A3-9474-1A3956D46DE8}") = "Task4", "Task4", "{FBB34DAE-9CF7-4463-8EFA-C0F1508689BE}"
EndProject
Project("{9A19103F-16F7-4668-BE54-9A1E7A4F7556}") = "Tyuiu.SafonovRV.Sprint0.Task4.V0", "Tyuiu.SafonovRV.Sprint0.Task4.V0\Tyuiu.SafonovRV.Sprint0.Task4.V0.csproj", "{9704D4D1-10AD-46F6-86B0-C806B108F900}"
EndProject
Project("{9A19103F-16F7-4668-BE54-9A1E7A4F7556}") = "Tyuiu.SafonovRV.Sprint0.Task4.V0.Lib", "Tyuiu.SafonovRV.Sprint0.Task4.V0.Lib\Tyuiu.SafonovRV.Sprint0.Task4.V0.Lib.csproj", "{CD14D7E3-49E7-4D16-88BC-4C5CA6A8A924}"
EndProject
Project("{9A19103F-16F7-4668-BE54-9A1E7A4F7556}") = "Tyuiu.SafonovRV.Sprint0.Task4.V0.Test", "Tyuiu.SafonovRV.Sprint0.Task4.V0.Test\Tyuiu.SafonovRV.Sprint0.Task4.V0.Test.csproj", "{0546AB7B-D373-432C-9942-E8F16F93D359}"
EndProject
Project("{2150E333-8FDC-42A3-9474-1A3956D46DE8}") = "Task5", "Task5", "{F31E385B-46D0-458B-851A-6309E21C3830}"
EndProject
Project("{9A19103F-16F7-4668-BE54-9A1E7A4F7556}") = "Tyuiu.SafonovRV.Sprint0.Task5.V0", "Tyuiu.SafonovRV.Sprint0.Task5.V0\Tyuiu.SafonovRV.Sprint0.Task5.V0.csproj", "{7B1B71D6-7B32-4F87-B1EE-B28A84F03C78}"
EndProject
Project("{9A19103F-16F7-4668-BE54-9A1E7A4F7556}") = "Tyuiu.SafonovRV.Sprint0.Task5.V0.Lib", "Tyuiu.SafonovRV.Sprint0.Task5.V0.Lib\Tyuiu.SafonovRV.Sprint0.Task5.V0.Lib.csproj", "{80CAFBC9-EB41-471B-AAE2-02F59D916BDD}"
EndProject
Project("{9A19103F-16F7-4668-BE54-9A1E7A4F7556}") = "Tyuiu.SafonovRV.Sprint0.Task5.V0.Test", "Tyuiu.SafonovRV.Sprint0.Task5.V0.Test\Tyuiu.SafonovRV.Sprint0.Task5.V0.Test.csproj", "{763FBD99-89AA-4C37-8D93-E07E93367E2A}"
EndProject
Project("{2150E333-8FDC-42A3-9474-1A3956D46DE8}") = "Task6", "Task6", "{3560D8B0-69CF-456E-B422-6C9B765C085E}"
EndProject
Project("{9A19103F-16F7-4668-BE54-9A1E7A4F7556}") = "Tyuiu.SafonovRV.Sprint0.Task6.V0", "Tyuiu.SafonovRV.Sprint0.Task6.V0\Tyuiu.SafonovRV.Sprint0.Task6.V0.csproj", "{25906411-0BAA-4C12-B040-649D1B293326}"
EndProject
Project("{9A19103F-16F7-4668-BE54-9A1E7A4F7556}") = "Tyuiu.SafonovRV.Sprint0.Task6.V0.Lib", "Tyuiu.SafonovRV.Sprint0.Task6.V0.Lib\Tyuiu.SafonovRV.Sprint0.Task6.V0.Lib.csproj", "{28B74579-59BF-4D10-B7E7-28248D4BA0EB}"
EndProject
Project("{9A19103F-16F7-4668-BE54-9A1E7A4F7556}") = "Tyuiu.SafonovRV.Sprint0.Task6.V0.Test", "Tyuiu.SafonovRV.Sprint0.Task6.V0.Test\Tyuiu.SafonovRV.Sprint0.Task6.V0.Test.csproj", "{6AB10924-FD71-4822-AB72-77D290E1C3A7}"
EndProject
Project("{2150E333-8FDC-42A3-9474-1A3956D46DE8}") = "Task7", "Task7", "{7ABA33C8-7D2C-408A-BFFB-9BE56F3BD27A}"
EndProject
Project("{FAE04EC0-301F-11D3-BF4B-00C04F79EFBC}") = "Tyuiu.SafonovRV.Sprint0.Task7.V0", "Tyuiu.SafonovRV.Sprint0.Task7.V0\Tyuiu.SafonovRV.Sprint0.Task7.V0.csproj", "{364C4FF5-EC33-4736-8E7A-442025303C2F}"
EndProject
Project("{FAE04EC0-301F-11D3-BF4B-00C04F79EFBC}") = "Tyuiu.SafonovRV.Sprint0.Task7.V0.Lib", "Tyuiu.SafonovRV.Sprint0.Task7.V0.Lib\Tyuiu.SafonovRV.Sprint0.Task7.V0.Lib.csproj", "{7B59894A-ADB4-46C4-8C11-16DEAD3D2096}"
EndProject
Project("{FAE04EC0-301F-11D3-BF4B-00C04F79EFBC}") = "Tyuiu.SafonovRV.Sprint0.Task7.V0.Test", "Tyuiu.SafonovRV.Sprint0.Task7.V0.Test\Tyuiu.SafonovRV.Sprint0.Task7.V0.Test.csproj", "{52449552-DC5C-4B92-8A77-25F2A7E9E85B}"
EndProject
Global
	GlobalSection(SolutionConfigurationPlatforms) = preSolution
		Debug|Any CPU = Debug|Any CPU
		Release|Any CPU = Release|Any CPU
	EndGlobalSection
	GlobalSection(ProjectConfigurationPlatforms) = postSolution
		{D9DDF3BF-FC5F-4E38-8A6F-1DB722E6DA16}.Debug|Any CPU.ActiveCfg = Debug|Any CPU
		{D9DDF3BF-FC5F-4E38-8A6F-1DB722E6DA16}.Debug|Any CPU.Build.0 = Debug|Any CPU
		{D9DDF3BF-FC5F-4E38-8A6F-1DB722E6DA16}.Release|Any CPU.ActiveCfg = Release|Any CPU
		{D9DDF3BF-FC5F-4E38-8A6F-1DB722E6DA16}.Release|Any CPU.Build.0 = Release|Any CPU
		{BAA34680-3B9E-4545-9515-BD443186EB85}.Debug|Any CPU.ActiveCfg = Debug|Any CPU
		{BAA34680-3B9E-4545-9515-BD443186EB85}.Debug|Any CPU.Build.0 = Debug|Any CPU
		{BAA34680-3B9E-4545-9515-BD443186EB85}.Release|Any CPU.ActiveCfg = Release|Any CPU
		{BAA34680-3B9E-4545-9515-BD443186EB85}.Release|Any CPU.Build.0 = Release|Any CPU
		{7A1D9808-5B2B-458E-9CB7-3C1A54E82F67}.Debug|Any CPU.ActiveCfg = Debug|Any CPU
		{7A1D9808-5B2B-458E-9CB7-3C1A54E82F67}.Debug|Any CPU.Build.0 = Debug|Any CPU
		{7A1D9808-5B2B-458E-9CB7-3C1A54E82F67}.Release|Any CPU.ActiveCfg = Release|Any CPU
		{7A1D9808-5B2B-458E-9CB7-3C1A54E82F67}.Release|Any CPU.Build.0 = Release|Any CPU
		{9C78DF50-76A8-483E-9815-CAD8F888AA23}.Debug|Any CPU.ActiveCfg = Debug|Any CPU
		{9C78DF50-76A8-483E-9815-CAD8F888AA23}.Debug|Any CPU.Build.0 = Debug|Any CPU
		{9C78DF50-76A8-483E-9815-CAD8F888AA23}.Release|Any CPU.ActiveCfg = Release|Any CPU
		{9C78DF50-76A8-483E-9815-CAD8F888AA23}.Release|Any CPU.Build.0 = Release|Any CPU
		{7BA69E89-884F-4CF2-8A8A-09FEE5E25E0E}.Debug|Any CPU.ActiveCfg = Debug|Any CPU
		{7BA69E89-884F-4CF2-8A8A-09FEE5E25E0E}.Debug|Any CPU.Build.0 = Debug|Any CPU
		{7BA69E89-884F-4CF2-8A8A-09FEE5E25E0E}.Release|Any CPU.ActiveCfg = Release|Any CPU
		{7BA69E89-884F-4CF2-8A8A-09FEE5E25E0E}.Release|Any CPU.Build.0 = Release|Any CPU
		{B736F98F-F8D8-47B1-B176-CB0F2691B177}.Debug|Any CPU.ActiveCfg = Debug|Any CPU
		{B736F98F-F8D8-47B1-B176-CB0F2691B177}.Debug|Any CPU.Build.0 = Debug|Any CPU
		{B736F98F-F8D8-47B1-B176-CB0F2691B177}.Release|Any CPU.ActiveCfg = Release|Any CPU
		{B736F98F-F8D8-47B1-B176-CB0F2691B177}.Release|Any CPU.Build.0 = Release|Any CPU
		{7155C922-8436-435F-8C89-4320F82AC349}.Debug|Any CPU.ActiveCfg = Debug|Any CPU
		{7155C922-8436-435F-8C89-4320F82AC349}.Debug|Any CPU.Build.0 = Debug|Any CPU
		{7155C922-8436-435F-8C89-4320F82AC349}.Release|Any CPU.ActiveCfg = Release|Any CPU
		{7155C922-8436-435F-8C89-4320F82AC349}.Release|Any CPU.Build.0 = Release|Any CPU
		{42841FA4-00A7-411B-AA2C-8C11805423A0}.Debug|Any CPU.ActiveCfg = Debug|Any CPU
		{42841FA4-00A7-411B-AA2C-8C11805423A0}.Debug|Any CPU.Build.0 = Debug|Any CPU
		{42841FA4-00A7-411B-AA2C-8C11805423A0}.Release|Any CPU.ActiveCfg = Release|Any CPU
		{42841FA4-00A7-411B-AA2C-8C11805423A0}.Release|Any CPU.Build.0 = Release|Any CPU
		{9704D4D1-10AD-46F6-86B0-C806B108F900}.Debug|Any CPU.ActiveCfg = Debug|Any CPU
		{9704D4D1-10AD-46F6-86B0-C806B108F900}.Debug|Any CPU.Build.0 = Debug|Any CPU
		{9704D4D1-10AD-46F6-86B0-C806B108F900}.Release|Any CPU.ActiveCfg = Release|Any CPU
		{9704D4D1-10AD-46F6-86B0-C806B108F900}.Release|Any CPU.Build.0 = Release|Any CPU
		{CD14D7E3-49E7-4D16-88BC-4C5CA6A8A924}.Debug|Any CPU.ActiveCfg = Debug|Any CPU
		{CD14D7E3-49E7-4D16-88BC-4C5CA6A8A924}.Debug|Any CPU.Build.0 = Debug|Any CPU
		{CD14D7E3-49E7-4D16-88BC-4C5CA6A8A924}.Release|Any CPU.ActiveCfg = Release|Any CPU
		{CD14D7E3-49E7-4D16-88BC-4C5CA6A8A924}.Release|Any CPU.Build.0 = Release|Any CPU
		{0546AB7B-D373-432C-9942-E8F16F93D359}.Debug|Any CPU.ActiveCfg = Debug|Any CPU
		{0546AB7B-D373-432C-9942-E8F16F93D359}.Debug|Any CPU.Build.0 = Debug|Any CPU
		{0546AB7B-D373-432C-9942-E8F16F93D359}.Release|Any CPU.ActiveCfg = Release|Any CPU
		{0546AB7B-D373-432C-9942-E8F16F93D359}.Release|Any CPU.Build.0 = Release|Any CPU
		{7B1B71D6-7B32-4F87-B1EE-B28A84F03C78}.Debug|Any CPU.ActiveCfg = Debug|Any CPU
		{7B1B71D6-7B32-4F87-B1EE-B28A84F03C78}.Debug|Any CPU.Build.0 = Debug|Any CPU
		{7B1B71D6-7B32-4F87-B1EE-B28A84F03C78}.Release|Any CPU.ActiveCfg = Release|Any CPU
		{7B1B71D6-7B32-4F87-B1EE-B28A84F03C78}.Release|Any CPU.Build.0 = Release|Any CPU
		{80CAFBC9-EB41-471B-AAE2-02F59D916BDD}.Debug|Any CPU.ActiveCfg = Debug|Any CPU
		{80CAFBC9-EB41-471B-AAE2-02F59D916BDD}.Debug|Any CPU.Build.0 = Debug|Any CPU
		{80CAFBC9-EB41-471B-AAE2-02F59D916BDD}.Release|Any CPU.ActiveCfg = Release|Any CPU
		{80CAFBC9-EB41-471B-AAE2-02F59D916BDD}.Release|Any CPU.Build.0 = Release|Any CPU
		{763FBD99-89AA-4C37-8D93-E07E93367E2A}.Debug|Any CPU.ActiveCfg = Debug|Any CPU
		{763FBD99-89AA-4C37-8D93-E07E93367E2A}.Debug|Any CPU.Build.0 = Debug|Any CPU
		{763FBD99-89AA-4C37-8D93-E07E93367E2A}.Release|Any CPU.ActiveCfg = Release|Any CPU
		{763FBD99-89AA-4C37-8D93-E07E93367E2A}.Release|Any CPU.Build.0 = Release|Any CPU
		{25906411-0BAA-4C12-B040-649D1B293326}.Debug|Any CPU.ActiveCfg = Debug|Any CPU
		{25906411-0BAA-4C12-B040-649D1B293326}.Debug|Any CPU.Build.0 = Debug|Any CPU
		{25906411-0BAA-4C12-B040-649D1B293326}.Release|Any CPU.ActiveCfg = Release|Any CPU
		{25906411-0BAA-4C12-B040-649D1B293326}.Release|Any CPU.Build.0 = Release|Any CPU
		{28B74579-59BF-4D10-B7E7-28248D4BA0EB}.Debug|Any CPU.ActiveCfg = Debug|Any CPU
		{28B74579-59BF-4D10-B7E7-28248D4BA0EB}.Debug|Any CPU.Build.0 = Debug|Any CPU
		{28B74579-59BF-4D10-B7E7-28248D4BA0EB}.Release|Any CPU.ActiveCfg = Release|Any CPU
		{28B74579-59BF-4D10-B7E7-28248D4BA0EB}.Release|Any CPU.Build.0 = Release|Any CPU
		{6AB10924-FD71-4822-AB72-77D290E1C3A7}.Debug|Any CPU.ActiveCfg = Debug|Any CPU
		{6AB10924-FD71-4822-AB72-77D290E1C3A7}.Debug|Any CPU.Build.0 = Debug|Any CPU
		{6AB10924-FD71-4822-AB72-77D290E1C3A7}.Release|Any CPU.ActiveCfg = Release|Any CPU
		{6AB10924-FD71-4822-AB72-77D290E1C3A7}.Release|Any CPU.Build.0 = Release|Any CPU
		{364C4FF5-EC33-4736-8E7A-442025303C2F}.Debug|Any CPU.ActiveCfg = Debug|Any CPU
		{364C4FF5-EC33-4736-8E7A-442025303C2F}.Debug|Any CPU.Build.0 = Debug|Any CPU
		{364C4FF5-EC33-4736-8E7A-442025303C2F}.Release|Any CPU.ActiveCfg = Release|Any CPU
		{364C4FF5-EC33-4736-8E7A-442025303C2F}.Release|Any CPU.Build.0 = Release|Any CPU
		{7B59894A-ADB4-46C4-8C11-16DEAD3D2096}.Debug|Any CPU.ActiveCfg = Debug|Any CPU
		{7B59894A-ADB4-46C4-8C11-16DEAD3D2096}.Debug|Any CPU.Build.0 = Debug|Any CPU
		{7B59894A-ADB4-46C4-8C11-16DEAD3D2096}.Release|Any CPU.ActiveCfg = Release|Any CPU
		{7B59894A-ADB4-46C4-8C11-16DEAD3D2096}.Release|Any CPU.Build.0 = Release|Any CPU
		{52449552-DC5C-4B92-8A77-25F2A7E9E85B}.Debug|Any CPU.ActiveCfg = Debug|Any CPU
		{52449552-DC5C-4B92-8A77-25F2A7E9E85B}.Debug|Any CPU.Build.0 = Debug|Any CPU
		{52449552-DC5C-4B92-8A77-25F2A7E9E85B}.Release|Any CPU.ActiveCfg = Release|Any CPU
		{52449552-DC5C-4B92-8A77-25F2A7E9E85B}.Release|Any CPU.Build.0 = Release|Any CPU
	EndGlobalSection
	GlobalSection(SolutionProperties) = preSolution
		HideSolutionNode = FALSE
	EndGlobalSection
	GlobalSection(NestedProjects) = preSolution
		{D9DDF3BF-FC5F-4E38-8A6F-1DB722E6DA16} = {75D3A9CB-D06F-46FC-922E-88220A87C2F5}
		{BAA34680-3B9E-4545-9515-BD443186EB85} = {F43EFE33-F0FB-4FB7-8688-AA17201D666E}
		{7A1D9808-5B2B-458E-9CB7-3C1A54E82F67} = {DD621352-95F5-43F2-92B2-5BCEE1E3AD63}
		{9C78DF50-76A8-483E-9815-CAD8F888AA23} = {DD621352-95F5-43F2-92B2-5BCEE1E3AD63}
		{7BA69E89-884F-4CF2-8A8A-09FEE5E25E0E} = {DD621352-95F5-43F2-92B2-5BCEE1E3AD63}
		{B736F98F-F8D8-47B1-B176-CB0F2691B177} = {9772FAEC-4705-4FFC-B0AB-DE9291CA7956}
		{7155C922-8436-435F-8C89-4320F82AC349} = {9772FAEC-4705-4FFC-B0AB-DE9291CA7956}
		{42841FA4-00A7-411B-AA2C-8C11805423A0} = {9772FAEC-4705-4FFC-B0AB-DE9291CA7956}
		{9704D4D1-10AD-46F6-86B0-C806B108F900} = {FBB34DAE-9CF7-4463-8EFA-C0F1508689BE}
		{CD14D7E3-49E7-4D16-88BC-4C5CA6A8A924} = {FBB34DAE-9CF7-4463-8EFA-C0F1508689BE}
		{0546AB7B-D373-432C-9942-E8F16F93D359} = {FBB34DAE-9CF7-4463-8EFA-C0F1508689BE}
		{7B1B71D6-7B32-4F87-B1EE-B28A84F03C78} = {F31E385B-46D0-458B-851A-6309E21C3830}
		{80CAFBC9-EB41-471B-AAE2-02F59D916BDD} = {F31E385B-46D0-458B-851A-6309E21C3830}
		{763FBD99-89AA-4C37-8D93-E07E93367E2A} = {F31E385B-46D0-458B-851A-6309E21C3830}
		{25906411-0BAA-4C12-B040-649D1B293326} = {3560D8B0-69CF-456E-B422-6C9B765C085E}
		{28B74579-59BF-4D10-B7E7-28248D4BA0EB} = {3560D8B0-69CF-456E-B422-6C9B765C085E}
		{6AB10924-FD71-4822-AB72-77D290E1C3A7} = {3560D8B0-69CF-456E-B422-6C9B765C085E}
		{364C4FF5-EC33-4736-8E7A-442025303C2F} = {7ABA33C8-7D2C-408A-BFFB-9BE56F3BD27A}
		{7B59894A-ADB4-46C4-8C11-16DEAD3D2096} = {7ABA33C8-7D2C-408A-BFFB-9BE56F3BD27A}
		{52449552-DC5C-4B92-8A77-25F2A7E9E85B} = {7ABA33C8-7D2C-408A-BFFB-9BE56F3BD27A}
	EndGlobalSection
	GlobalSection(ExtensibilityGlobals) = postSolution
		SolutionGuid = {8997B938-5C48-447B-9F8D-CF0F9F6560B0}
	EndGlobalSection
EndGlobal
